
Microsoft Visual Studio Solution File, Format Version 12.00
# Visual Studio Version 17
VisualStudioVersion = 17.13.35825.156
MinimumVisualStudioVersion = 10.0.40219.1
Project("{FAE04EC0-301F-11D3-BF4B-00C04F79EFBC}") = "SIMS", "SIMS\SIMS.csproj", "{148013A6-8D85-4B45-855E-0185A81212B0}"
EndProject
Project("{FAE04EC0-301F-11D3-BF4B-00C04F79EFBC}") = "TestCoursesProject", "TestCoursesProject\TestCoursesProject.csproj", "{95A7BD08-ACEE-4984-A43E-DE09136CD97F}"
EndProject
Global
	GlobalSection(SolutionConfigurationPlatforms) = preSolution
		Debug|Any CPU = Debug|Any CPU
		Release|Any CPU = Release|Any CPU
	EndGlobalSection
	GlobalSection(ProjectConfigurationPlatforms) = postSolution
		{148013A6-8D85-4B45-855E-0185A81212B0}.Debug|Any CPU.ActiveCfg = Debug|Any CPU
		{148013A6-8D85-4B45-855E-0185A81212B0}.Debug|Any CPU.Build.0 = Debug|Any CPU
		{148013A6-8D85-4B45-855E-0185A81212B0}.Release|Any CPU.ActiveCfg = Release|Any CPU
		{148013A6-8D85-4B45-855E-0185A81212B0}.Release|Any CPU.Build.0 = Release|Any CPU
		{95A7BD08-ACEE-4984-A43E-DE09136CD97F}.Debug|Any CPU.ActiveCfg = Debug|Any CPU
		{95A7BD08-ACEE-4984-A43E-DE09136CD97F}.Debug|Any CPU.Build.0 = Debug|Any CPU
		{95A7BD08-ACEE-4984-A43E-DE09136CD97F}.Release|Any CPU.ActiveCfg = Release|Any CPU
		{95A7BD08-ACEE-4984-A43E-DE09136CD97F}.Release|Any CPU.Build.0 = Release|Any CPU
	EndGlobalSection
	GlobalSection(SolutionProperties) = preSolution
		HideSolutionNode = FALSE
	EndGlobalSection
	GlobalSection(ExtensibilityGlobals) = postSolution
		SolutionGuid = {5C95708F-2AC5-44CD-9D81-F2B54B5F161B}
	EndGlobalSection
EndGlobal
